github.com/creack/pty v1.1.9/go.mod h1:oKZEueFk5CKHvIhNR5MUki03XCEU+Q6VDXinZuGJ33E=
github.com/davecgh/go-spew v1.1.1 h1:vj9j/u1bqnvCEfJOwUhtlOARqs3+rkHYY13jYWTU97c=
github.com/davecgh/go-spew v1.1.1/go.mod h1:J7Y8YcW2NihsgmVo/mv3lAwl/skON4iLHjSsI+c5H38=
github.com/google/go-cmp v0.5.9 h1:O2Tfq5qg4qc4AmwVlvv0oLiVAGB7enBSJ2x2DqQFi38=
github.com/google/go-cmp v0.5.9/go.mod h1:17dUlkBOakJ0+DkrSSNjCkIjxS6bF9zb3elmeNGIjoY=
github.com/kr/pretty v0.3.1 h1:flRD4NNwYAUpkphVc1HcthR4KEIFJ65n8Mw5qdRn3LE=
github.com/kr/pretty v0.3.1/go.mod h1:hoEshYVHaxMs3cyo3Yncou5ZscifuDolrwPKZanG3xk=
github.com/kr/text v0.2.0 h1:5Nx0Ya0ZqY2ygV366QzturHI13Jq95ApcVaJBhpS+AY=
github.com/kr/text v0.2.0/go.mod h1:eLer722TekiGuMkidMxC/pM04lWEeraHUUmBw8l2grE=
github.com/pierrre/compare v1.1.5 h1:a1u9JphNlkBIo5pIimuFAwftYon9r3ndEwdwMGF95R8=
github.com/pierrre/compare v1.1.5/go.mod h1:BcsGntSJMnFRTQ106aMv3NoLX2aC9o8MlNFg6ynrrMM=
github.com/pierrre/errors v0.4.4 h1:peva/SCl9KxAturBGWqvgMuTzJnWBLszCvliMwKD7VA=
github.com/pierrre/errors v0.4.4/go.mod h1:A6z/rDAVKIRSP87IeS9ilhjmQU06aobzSOmYzopHvnU=
github.com/pierrre/go-libs v0.2.10 h1:RNnMtmEkN3C8sXqOALMa8l6vFqDDJ3H75drqUKpOljA=
github.com/pierrre/go-libs v0.2.10/go.mod h1:Hc/xQ1jOutKkmGC4NTTkFRZcmSqUDN3cUSRVthrkNz4=
github.com/pierrre/pretty v0.0.8 h1:mMiHgwqifjh1ULppB7WHLDVkXprqxBZcou1ELK+bUAs=
github.com/pierrre/pretty v0.0.8/go.mod h1:6tCFI8MpXdL+NC+v6PMOv9nPLLF6Tnp5E5xOgXRzaIU=
github.com/pkg/diff v0.0.0-20210226163009-20ebb0f2a09e/go.mod h1:pJLUxLENpZxwdsKMEsNbx1VGcRFpLqf3715MtcvvzbA=
github.com/rogpeppe/go-internal v1.9.0/go.mod h1:WtVeX8xhTBvf0smdhujwtBcq4Qrzq/fJaraNFVN+nFs=
github.com/rogpeppe/go-internal v1.11.0 h1:cWPaGQEPrBb5/AsnsZesgZZ9yb1OQ+GOISoDNXVBh4M=
github.com/rogpeppe/go-internal v1.11.0/go.mod h1:ddIwULY96R17DhadqLgMfk9H9tvdUzkipdSkR5nkCZA=
