github.com/pierrre/compare v1.4.10 h1:79reqKizcG04/9gw36nZ1zX9KUHx9l3JK13B4kZy0ts=
github.com/pierrre/compare v1.4.10/go.mod h1:BOhu0I/xlf4sEQv0eygRWhGmJwsz1KCzfeVBuR+topM=
github.com/pierrre/go-libs v0.7.9 h1:4LwK7MdQ+tin837lFc+tEdRepLegQpUW6dQiDk5zR5I=
github.com/pierrre/go-libs v0.7.9/go.mod h1:0TotfCHeVcFTFkPfc/RVe93pDS3JLlcllo9x1Pp+SYE=
github.com/pierrre/pretty v0.7.0 h1:V3zdEFI+DSEHNcPhV2M/z7YNkDeTzkKb+rxIs/vB92Y=
github.com/pierrre/pretty v0.7.0/go.mod h1:zeWbdQDL7bT5mgeozXVJzKZXTFuBa+D0rn9iAqFUPws=
